// !$*UTF8*$!
{
	archiveVersion = 1;
	classes = {
	};
	objectVersion = 50;
	objects = {

/* Begin PBXBuildFile section */
		B212B0EE24A11A5800793037 /* PlaceAnnotation.swift in Sources */ = {isa = PBXBuildFile; fileRef = B212B0ED24A11A5800793037 /* PlaceAnnotation.swift */; };
		B243DDD624A279D900C9D004 /* PlacesTableViewController.swift in Sources */ = {isa = PBXBuildFile; fileRef = B260E5A22497F1D900B3AC91 /* PlacesTableViewController.swift */; };
		B243DDD924A2831200C9D004 /* MapViewController.swift in Sources */ = {isa = PBXBuildFile; fileRef = B260E5A624980D4D00B3AC91 /* MapViewController.swift */; };
		B260E5A52497F25000B3AC91 /* PlaceFinderViewController.swift in Sources */ = {isa = PBXBuildFile; fileRef = B260E5A42497F25000B3AC91 /* PlaceFinderViewController.swift */; };
		B285DBB22499356E00992B31 /* Place.swift in Sources */ = {isa = PBXBuildFile; fileRef = B285DBB12499356E00992B31 /* Place.swift */; };
		B2E8C72B2497BD6600D2C1C2 /* AppDelegate.swift in Sources */ = {isa = PBXBuildFile; fileRef = B2E8C72A2497BD6600D2C1C2 /* AppDelegate.swift */; };
		B2E8C72D2497BD6600D2C1C2 /* ViewController.swift in Sources */ = {isa = PBXBuildFile; fileRef = B2E8C72C2497BD6600D2C1C2 /* ViewController.swift */; };
		B2E8C7302497BD6700D2C1C2 /* Main.storyboard in Resources */ = {isa = PBXBuildFile; fileRef = B2E8C72E2497BD6700D2C1C2 /* Main.storyboard */; };
		B2E8C7322497BD6D00D2C1C2 /* Assets.xcassets in Resources */ = {isa = PBXBuildFile; fileRef = B2E8C7312497BD6D00D2C1C2 /* Assets.xcassets */; };
		B2E8C7352497BD6D00D2C1C2 /* LaunchScreen.storyboard in Resources */ = {isa = PBXBuildFile; fileRef = B2E8C7332497BD6D00D2C1C2 /* LaunchScreen.storyboard */; };
/* End PBXBuildFile section */

/* Begin PBXFileReference section */
		B212B0ED24A11A5800793037 /* PlaceAnnotation.swift */ = {isa = PBXFileReference; lastKnownFileType = sourcecode.swift; path = PlaceAnnotation.swift; sourceTree = "<group>"; };
		B260E5A22497F1D900B3AC91 /* PlacesTableViewController.swift */ = {isa = PBXFileReference; lastKnownFileType = sourcecode.swift; path = PlacesTableViewController.swift; sourceTree = "<group>"; };
		B260E5A42497F25000B3AC91 /* PlaceFinderViewController.swift */ = {isa = PBXFileReference; lastKnownFileType = sourcecode.swift; path = PlaceFinderViewController.swift; sourceTree = "<group>"; };
		B260E5A624980D4D00B3AC91 /* MapViewController.swift */ = {isa = PBXFileReference; lastKnownFileType = sourcecode.swift; path = MapViewController.swift; sourceTree = "<group>"; };
		B285DBB12499356E00992B31 /* Place.swift */ = {isa = PBXFileReference; lastKnownFileType = sourcecode.swift; path = Place.swift; sourceTree = "<group>"; };
		B2E8C7272497BD6600D2C1C2 /* QueroConhecer.app */ = {isa = PBXFileReference; explicitFileType = wrapper.application; includeInIndex = 0; path = QueroConhecer.app; sourceTree = BUILT_PRODUCTS_DIR; };
		B2E8C72A2497BD6600D2C1C2 /* AppDelegate.swift */ = {isa = PBXFileReference; lastKnownFileType = sourcecode.swift; path = AppDelegate.swift; sourceTree = "<group>"; };
		B2E8C72C2497BD6600D2C1C2 /* ViewController.swift */ = {isa = PBXFileReference; lastKnownFileType = sourcecode.swift; path = ViewController.swift; sourceTree = "<group>"; };
		B2E8C72F2497BD6700D2C1C2 /* Base */ = {isa = PBXFileReference; lastKnownFileType = file.storyboard; name = Base; path = Base.lproj/Main.storyboard; sourceTree = "<group>"; };
		B2E8C7312497BD6D00D2C1C2 /* Assets.xcassets */ = {isa = PBXFileReference; lastKnownFileType = folder.assetcatalog; path = Assets.xcassets; sourceTree = "<group>"; };
		B2E8C7342497BD6D00D2C1C2 /* Base */ = {isa = PBXFileReference; lastKnownFileType = file.storyboard; name = Base; path = Base.lproj/LaunchScreen.storyboard; sourceTree = "<group>"; };
		B2E8C7362497BD6D00D2C1C2 /* Info.plist */ = {isa = PBXFileReference; lastKnownFileType = text.plist.xml; path = Info.plist; sourceTree = "<group>"; };
/* End PBXFileReference section */

/* Begin PBXFrameworksBuildPhase section */
		B2E8C7242497BD6600D2C1C2 /* Frameworks */ = {
			isa = PBXFrameworksBuildPhase;
			buildActionMask = 2147483647;
			files = (
			);
			runOnlyForDeploymentPostprocessing = 0;
		};
/* End PBXFrameworksBuildPhase section */

/* Begin PBXGroup section */
		B2E8C71E2497BD6600D2C1C2 = {
			isa = PBXGroup;
			children = (
				B2E8C7292497BD6600D2C1C2 /* QueroConhecer */,
				B2E8C7282497BD6600D2C1C2 /* Products */,
			);
			sourceTree = "<group>";
		};
		B2E8C7282497BD6600D2C1C2 /* Products */ = {
			isa = PBXGroup;
			children = (
				B2E8C7272497BD6600D2C1C2 /* QueroConhecer.app */,
			);
			name = Products;
			sourceTree = "<group>";
		};
		B2E8C7292497BD6600D2C1C2 /* QueroConhecer */ = {
			isa = PBXGroup;
			children = (
				B2E8C72A2497BD6600D2C1C2 /* AppDelegate.swift */,
				B2E8C72C2497BD6600D2C1C2 /* ViewController.swift */,
				B212B0ED24A11A5800793037 /* PlaceAnnotation.swift */,
				B2E8C72E2497BD6700D2C1C2 /* Main.storyboard */,
				B285DBB12499356E00992B31 /* Place.swift */,
				B260E5A624980D4D00B3AC91 /* MapViewController.swift */,
				B260E5A42497F25000B3AC91 /* PlaceFinderViewController.swift */,
				B2E8C7312497BD6D00D2C1C2 /* Assets.xcassets */,
				B260E5A22497F1D900B3AC91 /* PlacesTableViewController.swift */,
				B2E8C7332497BD6D00D2C1C2 /* LaunchScreen.storyboard */,
				B2E8C7362497BD6D00D2C1C2 /* Info.plist */,
			);
			path = QueroConhecer;
			sourceTree = "<group>";
		};
/* End PBXGroup section */

/* Begin PBXNativeTarget section */
		B2E8C7262497BD6600D2C1C2 /* QueroConhecer */ = {
			isa = PBXNativeTarget;
			buildConfigurationList = B2E8C7392497BD6D00D2C1C2 /* Build configuration list for PBXNativeTarget "QueroConhecer" */;
			buildPhases = (
				B2E8C7232497BD6600D2C1C2 /* Sources */,
				B2E8C7242497BD6600D2C1C2 /* Frameworks */,
				B2E8C7252497BD6600D2C1C2 /* Resources */,
			);
			buildRules = (
			);
			dependencies = (
			);
			name = QueroConhecer;
			productName = QueroConhecer;
			productReference = B2E8C7272497BD6600D2C1C2 /* QueroConhecer.app */;
			productType = "com.apple.product-type.application";
		};
/* End PBXNativeTarget section */

/* Begin PBXProject section */
		B2E8C71F2497BD6600D2C1C2 /* Project object */ = {
			isa = PBXProject;
			attributes = {
				LastSwiftUpdateCheck = 1030;
				LastUpgradeCheck = 1030;
				ORGANIZATIONNAME = "Luiz Guilherme";
				TargetAttributes = {
					B2E8C7262497BD6600D2C1C2 = {
						CreatedOnToolsVersion = 10.3;
					};
				};
			};
			buildConfigurationList = B2E8C7222497BD6600D2C1C2 /* Build configuration list for PBXProject "QueroConhecer" */;
			compatibilityVersion = "Xcode 9.3";
			developmentRegion = en;
			hasScannedForEncodings = 0;
			knownRegions = (
				en,
				Base,
			);
			mainGroup = B2E8C71E2497BD6600D2C1C2;
			productRefGroup = B2E8C7282497BD6600D2C1C2 /* Products */;
			projectDirPath = "";
			projectRoot = "";
			targets = (
				B2E8C7262497BD6600D2C1C2 /* QueroConhecer */,
			);
		};
/* End PBXProject section */

/* Begin PBXResourcesBuildPhase section */
		B2E8C7252497BD6600D2C1C2 /* Resources */ = {
			isa = PBXResourcesBuildPhase;
			buildActionMask = 2147483647;
			files = (
				B2E8C7352497BD6D00D2C1C2 /* LaunchScreen.storyboard in Resources */,
				B2E8C7322497BD6D00D2C1C2 /* Assets.xcassets in Resources */,
				B2E8C7302497BD6700D2C1C2 /* Main.storyboard in Resources */,
			);
			runOnlyForDeploymentPostprocessing = 0;
		};
/* End PBXResourcesBuildPhase section */

/* Begin PBXSourcesBuildPhase section */
		B2E8C7232497BD6600D2C1C2 /* Sources */ = {
			isa = PBXSourcesBuildPhase;
			buildActionMask = 2147483647;
			files = (
				B2E8C72D2497BD6600D2C1C2 /* ViewController.swift in Sources */,
				B2E8C72B2497BD6600D2C1C2 /* AppDelegate.swift in Sources */,
				B260E5A52497F25000B3AC91 /* PlaceFinderViewController.swift in Sources */,
				B285DBB22499356E00992B31 /* Place.swift in Sources */,
				B212B0EE24A11A5800793037 /* PlaceAnnotation.swift in Sources */,
				B243DDD624A279D900C9D004 /* PlacesTableViewController.swift in Sources */,
				B243DDD924A2831200C9D004 /* MapViewController.swift in Sources */,
			);
			runOnlyForDeploymentPostprocessing = 0;
		};
/* End PBXSourcesBuildPhase section */

/* Begin PBXVariantGroup section */
		B2E8C72E2497BD6700D2C1C2 /* Main.storyboard */ = {
			isa = PBXVariantGroup;
			children = (
				B2E8C72F2497BD6700D2C1C2 /* Base */,
			);
			name = Main.storyboard;
			sourceTree = "<group>";
		};
		B2E8C7332497BD6D00D2C1C2 /* LaunchScreen.storyboard */ = {
			isa = PBXVariantGroup;
			children = (
				B2E8C7342497BD6D00D2C1C2 /* Base */,
			);
			name = LaunchScreen.storyboard;
			sourceTree = "<group>";
		};
/* End PBXVariantGroup section */

/* Begin XCBuildConfiguration section */
		B2E8C7372497BD6D00D2C1C2 /* Debug */ = {
			isa = XCBuildConfiguration;
			buildSettings = {
				ALWAYS_SEARCH_USER_PATHS = NO;
				CLANG_ANALYZER_NONNULL = YES;
				CLANG_ANALYZER_NUMBER_OBJECT_CONVERSION = YES_AGGRESSIVE;
				CLANG_CXX_LANGUAGE_STANDARD = "gnu++14";
				CLANG_CXX_LIBRARY = "libc++";
				CLANG_ENABLE_MODULES = YES;
				CLANG_ENABLE_OBJC_ARC = YES;
				CLANG_ENABLE_OBJC_WEAK = YES;
				CLANG_WARN_BLOCK_CAPTURE_AUTORELEASING = YES;
				CLANG_WARN_BOOL_CONVERSION = YES;
				CLANG_WARN_COMMA = YES;
				CLANG_WARN_CONSTANT_CONVERSION = YES;
				CLANG_WARN_DEPRECATED_OBJC_IMPLEMENTATIONS = YES;
				CLANG_WARN_DIRECT_OBJC_ISA_USAGE = YES_ERROR;
				CLANG_WARN_DOCUMENTATION_COMMENTS = YES;
				CLANG_WARN_EMPTY_BODY = YES;
				CLANG_WARN_ENUM_CONVERSION = YES;
				CLANG_WARN_INFINITE_RECURSION = YES;
				CLANG_WARN_INT_CONVERSION = YES;
				CLANG_WARN_NON_LITERAL_NULL_CONVERSION = YES;
				CLANG_WARN_OBJC_IMPLICIT_RETAIN_SELF = YES;
				CLANG_WARN_OBJC_LITERAL_CONVERSION = YES;
				CLANG_WARN_OBJC_ROOT_CLASS = YES_ERROR;
				CLANG_WARN_RANGE_LOOP_ANALYSIS = YES;
				CLANG_WARN_STRICT_PROTOTYPES = YES;
				CLANG_WARN_SUSPICIOUS_MOVE = YES;
				CLANG_WARN_UNGUARDED_AVAILABILITY = YES_AGGRESSIVE;
				CLANG_WARN_UNREACHABLE_CODE = YES;
				CLANG_WARN__DUPLICATE_METHOD_MATCH = YES;
				CODE_SIGN_IDENTITY = "iPhone Developer";
				COPY_PHASE_STRIP = NO;
				DEBUG_INFORMATION_FORMAT = dwarf;
				ENABLE_STRICT_OBJC_MSGSEND = YES;
				ENABLE_TESTABILITY = YES;
				GCC_C_LANGUAGE_STANDARD = gnu11;
				GCC_DYNAMIC_NO_PIC = NO;
				GCC_NO_COMMON_BLOCKS = YES;
				GCC_OPTIMIZATION_LEVEL = 0;
				GCC_PREPROCESSOR_DEFINITIONS = (
					"DEBUG=1",
					"$(inherited)",
				);
				GCC_WARN_64_TO_32_BIT_CONVERSION = YES;
				GCC_WARN_ABOUT_RETURN_TYPE = YES_ERROR;
				GCC_WARN_UNDECLARED_SELECTOR = YES;
				GCC_WARN_UNINITIALIZED_AUTOS = YES_AGGRESSIVE;
				GCC_WARN_UNUSED_FUNCTION = YES;
				GCC_WARN_UNUSED_VARIABLE = YES;
				IPHONEOS_DEPLOYMENT_TARGET = 12.4;
				MTL_ENABLE_DEBUG_INFO = INCLUDE_SOURCE;
				MTL_FAST_MATH = YES;
				ONLY_ACTIVE_ARCH = YES;
				SDKROOT = iphoneos;
				SWIFT_ACTIVE_COMPILATION_CONDITIONS = DEBUG;
				SWIFT_OPTIMIZATION_LEVEL = "-Onone";
			};
			name = Debug;
		};
		B2E8C7382497BD6D00D2C1C2 /* Release */ = {
			isa = XCBuildConfiguration;
			buildSettings = {
				ALWAYS_SEARCH_USER_PATHS = NO;
				CLANG_ANALYZER_NONNULL = YES;
				CLANG_ANALYZER_NUMBER_OBJECT_CONVERSION = YES_AGGRESSIVE;
				CLANG_CXX_LANGUAGE_STANDARD = "gnu++14";
				CLANG_CXX_LIBRARY = "libc++";
				CLANG_ENABLE_MODULES = YES;
				CLANG_ENABLE_OBJC_ARC = YES;
				CLANG_ENABLE_OBJC_WEAK = YES;
				CLANG_WARN_BLOCK_CAPTURE_AUTORELEASING = YES;
				CLANG_WARN_BOOL_CONVERSION = YES;
				CLANG_WARN_COMMA = YES;
				CLANG_WARN_CONSTANT_CONVERSION = YES;
				CLANG_WARN_DEPRECATED_OBJC_IMPLEMENTATIONS = YES;
				CLANG_WARN_DIRECT_OBJC_ISA_USAGE = YES_ERROR;
				CLANG_WARN_DOCUMENTATION_COMMENTS = YES;
				CLANG_WARN_EMPTY_BODY = YES;
				CLANG_WARN_ENUM_CONVERSION = YES;
				CLANG_WARN_INFINITE_RECURSION = YES;
				CLANG_WARN_INT_CONVERSION = YES;
				CLANG_WARN_NON_LITERAL_NULL_CONVERSION = YES;
				CLANG_WARN_OBJC_IMPLICIT_RETAIN_SELF = YES;
				CLANG_WARN_OBJC_LITERAL_CONVERSION = YES;
				CLANG_WARN_OBJC_ROOT_CLASS = YES_ERROR;
				CLANG_WARN_RANGE_LOOP_ANALYSIS = YES;
				CLANG_WARN_STRICT_PROTOTYPES = YES;
				CLANG_WARN_SUSPICIOUS_MOVE = YES;
				CLANG_WARN_UNGUARDED_AVAILABILITY = YES_AGGRESSIVE;
				CLANG_WARN_UNREACHABLE_CODE = YES;
				CLANG_WARN__DUPLICATE_METHOD_MATCH = YES;
				CODE_SIGN_IDENTITY = "iPhone Developer";
				COPY_PHASE_STRIP = NO;
				DEBUG_INFORMATION_FORMAT = "dwarf-with-dsym";
				ENABLE_NS_ASSERTIONS = NO;
				ENABLE_STRICT_OBJC_MSGSEND = YES;
				GCC_C_LANGUAGE_STANDARD = gnu11;
				GCC_NO_COMMON_BLOCKS = YES;
				GCC_WARN_64_TO_32_BIT_CONVERSION = YES;
				GCC_WARN_ABOUT_RETURN_TYPE = YES_ERROR;
				GCC_WARN_UNDECLARED_SELECTOR = YES;
				GCC_WARN_UNINITIALIZED_AUTOS = YES_AGGRESSIVE;
				GCC_WARN_UNUSED_FUNCTION = YES;
				GCC_WARN_UNUSED_VARIABLE = YES;
				IPHONEOS_DEPLOYMENT_TARGET = 12.4;
				MTL_ENABLE_DEBUG_INFO = NO;
				MTL_FAST_MATH = YES;
				SDKROOT = iphoneos;
				SWIFT_COMPILATION_MODE = wholemodule;
				SWIFT_OPTIMIZATION_LEVEL = "-O";
				VALIDATE_PRODUCT = YES;
			};
			name = Release;
		};
		B2E8C73A2497BD6D00D2C1C2 /* Debug */ = {
			isa = XCBuildConfiguration;
			buildSettings = {
				ASSETCATALOG_COMPILER_APPICON_NAME = AppIcon;
				CODE_SIGN_STYLE = Automatic;
				INFOPLIST_FILE = QueroConhecer/Info.plist;
				LD_RUNPATH_SEARCH_PATHS = (
					"$(inherited)",
					"@executable_path/Frameworks",
				);
				PRODUCT_BUNDLE_IDENTIFIER = com.luizguilherme.QueroConhecer;
				PRODUCT_NAME = "$(TARGET_NAME)";
				SWIFT_VERSION = 5.0;
				TARGETED_DEVICE_FAMILY = 1;
			};
			name = Debug;
		};
		B2E8C73B2497BD6D00D2C1C2 /* Release */ = {
			isa = XCBuildConfiguration;
			buildSettings = {
				ASSETCATALOG_COMPILER_APPICON_NAME = AppIcon;
				CODE_SIGN_STYLE = Automatic;
				INFOPLIST_FILE = QueroConhecer/Info.plist;
				LD_RUNPATH_SEARCH_PATHS = (
					"$(inherited)",
					"@executable_path/Frameworks",
				);
				PRODUCT_BUNDLE_IDENTIFIER = com.luizguilherme.QueroConhecer;
				PRODUCT_NAME = "$(TARGET_NAME)";
				SWIFT_VERSION = 5.0;
				TARGETED_DEVICE_FAMILY = 1;
			};
			name = Release;
		};
/* End XCBuildConfiguration section */

/* Begin XCConfigurationList section */
		B2E8C7222497BD6600D2C1C2 /* Build configuration list for PBXProject "QueroConhecer" */ = {
			isa = XCConfigurationList;
			buildConfigurations = (
				B2E8C7372497BD6D00D2C1C2 /* Debug */,
				B2E8C7382497BD6D00D2C1C2 /* Release */,
			);
			defaultConfigurationIsVisible = 0;
			defaultConfigurationName = Release;
		};
		B2E8C7392497BD6D00D2C1C2 /* Build configuration list for PBXNativeTarget "QueroConhecer" */ = {
			isa = XCConfigurationList;
			buildConfigurations = (
				B2E8C73A2497BD6D00D2C1C2 /* Debug */,
				B2E8C73B2497BD6D00D2C1C2 /* Release */,
			);
			defaultConfigurationIsVisible = 0;
			defaultConfigurationName = Release;
		};
/* End XCConfigurationList section */
	};
	rootObject = B2E8C71F2497BD6600D2C1C2 /* Project object */;
}
